
Microsoft Visual Studio Solution File, Format Version 12.00
# Visual Studio Version 17
VisualStudioVersion = 17.11.35219.272
MinimumVisualStudioVersion = 10.0.40219.1
Project("{2150E333-8FDC-42A3-9474-1A3956D46DE8}") = "Services", "Services", "{54223C52-E566-44E2-903C-992F771E5326}"
EndProject
Project("{2150E333-8FDC-42A3-9474-1A3956D46DE8}") = "Catalog", "Catalog", "{6932BED9-B918-4CE8-A7E8-BD5998F77067}"
EndProject
Project("{9A19103F-16F7-4668-BE54-9A1E7A4F7556}") = "MultiShop.Catalog", "Services\Catalog\MultiShop.Catalog\MultiShop.Catalog.csproj", "{3EE6A179-1C29-4BA0-BA55-F9ECE8FCD01C}"
EndProject
Project("{2150E333-8FDC-42A3-9474-1A3956D46DE8}") = "Discount", "Discount", "{AD83159B-590B-4869-9BB5-DB3AEF281F28}"
EndProject
Project("{9A19103F-16F7-4668-BE54-9A1E7A4F7556}") = "MultiShop.Discount", "Discount\MultiShop.Discount\MultiShop.Discount.csproj", "{42314078-ACAF-45DD-A65D-B6EF32D49C91}"
EndProject
Project("{2150E333-8FDC-42A3-9474-1A3956D46DE8}") = "Order", "Order", "{3E3629B0-3A6E-4139-AA9B-9E4997F3C2CB}"
EndProject
Project("{2150E333-8FDC-42A3-9474-1A3956D46DE8}") = "Core", "Core", "{2A84B01F-C602-45DB-98E9-CCD0BBBBAD24}"
EndProject
Project("{2150E333-8FDC-42A3-9474-1A3956D46DE8}") = "Infrastructure", "Infrastructure", "{0A2DA452-16C6-4B33-8ABF-30858D07C10F}"
EndProject
Project("{2150E333-8FDC-42A3-9474-1A3956D46DE8}") = "Presentation", "Presentation", "{81F054B8-CE90-4CCA-8879-7B483D5F33F3}"
EndProject
Project("{9A19103F-16F7-4668-BE54-9A1E7A4F7556}") = "MultiShop.Order.Domain", "Services\Order\Core\MultiShop.Order.Domain\MultiShop.Order.Domain.csproj", "{4858DB1A-F839-4A44-95FE-DBBB76102A9E}"
EndProject
Project("{9A19103F-16F7-4668-BE54-9A1E7A4F7556}") = "MultiShop.Order.Application", "Services\Order\Core\MultiShop.Order.Application\MultiShop.Order.Application.csproj", "{9A6C6DC7-26C7-45B8-A7C0-D76E65F20131}"
EndProject
Project("{9A19103F-16F7-4668-BE54-9A1E7A4F7556}") = "MultiShop.Order.Persistence", "Services\Order\Infrastructure\MultiShop.Order.Persistence\MultiShop.Order.Persistence.csproj", "{F519237A-D6EA-4343-80DC-3D211578A87C}"
EndProject
Project("{9A19103F-16F7-4668-BE54-9A1E7A4F7556}") = "MultiShop.Order.WebApi", "Services\Order\Presentation\MultiShop.Order.WebApi\MultiShop.Order.WebApi.csproj", "{AF3960D8-A42A-4C54-8E52-70F3C0A01ECC}"
EndProject
Project("{2150E333-8FDC-42A3-9474-1A3956D46DE8}") = "IdentityServer", "IdentityServer", "{21CEACA0-CD25-42DE-87FD-1466839801F4}"
EndProject
Project("{9A19103F-16F7-4668-BE54-9A1E7A4F7556}") = "MultiShop.IdentityServer", "IdentityServer\MultiShop.IdentityServer\MultiShop.IdentityServer.csproj", "{C8DAA47F-2F78-4749-8D4E-04AA484755DE}"
EndProject
Project("{2150E333-8FDC-42A3-9474-1A3956D46DE8}") = "Requirements", "Requirements", "{9DB60499-EABE-4792-A52F-8449AF3C42E7}"
	ProjectSection(SolutionItems) = preProject
		IdentityServerCmd.txt = IdentityServerCmd.txt
		PortainerCmd.text = PortainerCmd.text
	EndProjectSection
EndProject
Global
	GlobalSection(SolutionConfigurationPlatforms) = preSolution
		Debug|Any CPU = Debug|Any CPU
		Release|Any CPU = Release|Any CPU
	EndGlobalSection
	GlobalSection(ProjectConfigurationPlatforms) = postSolution
		{3EE6A179-1C29-4BA0-BA55-F9ECE8FCD01C}.Debug|Any CPU.ActiveCfg = Debug|Any CPU
		{3EE6A179-1C29-4BA0-BA55-F9ECE8FCD01C}.Debug|Any CPU.Build.0 = Debug|Any CPU
		{3EE6A179-1C29-4BA0-BA55-F9ECE8FCD01C}.Release|Any CPU.ActiveCfg = Release|Any CPU
		{3EE6A179-1C29-4BA0-BA55-F9ECE8FCD01C}.Release|Any CPU.Build.0 = Release|Any CPU
		{42314078-ACAF-45DD-A65D-B6EF32D49C91}.Debug|Any CPU.ActiveCfg = Debug|Any CPU
		{42314078-ACAF-45DD-A65D-B6EF32D49C91}.Debug|Any CPU.Build.0 = Debug|Any CPU
		{42314078-ACAF-45DD-A65D-B6EF32D49C91}.Release|Any CPU.ActiveCfg = Release|Any CPU
		{42314078-ACAF-45DD-A65D-B6EF32D49C91}.Release|Any CPU.Build.0 = Release|Any CPU
		{4858DB1A-F839-4A44-95FE-DBBB76102A9E}.Debug|Any CPU.ActiveCfg = Debug|Any CPU
		{4858DB1A-F839-4A44-95FE-DBBB76102A9E}.Debug|Any CPU.Build.0 = Debug|Any CPU
		{4858DB1A-F839-4A44-95FE-DBBB76102A9E}.Release|Any CPU.ActiveCfg = Release|Any CPU
		{4858DB1A-F839-4A44-95FE-DBBB76102A9E}.Release|Any CPU.Build.0 = Release|Any CPU
		{9A6C6DC7-26C7-45B8-A7C0-D76E65F20131}.Debug|Any CPU.ActiveCfg = Debug|Any CPU
		{9A6C6DC7-26C7-45B8-A7C0-D76E65F20131}.Debug|Any CPU.Build.0 = Debug|Any CPU
		{9A6C6DC7-26C7-45B8-A7C0-D76E65F20131}.Release|Any CPU.ActiveCfg = Release|Any CPU
		{9A6C6DC7-26C7-45B8-A7C0-D76E65F20131}.Release|Any CPU.Build.0 = Release|Any CPU
		{F519237A-D6EA-4343-80DC-3D211578A87C}.Debug|Any CPU.ActiveCfg = Debug|Any CPU
		{F519237A-D6EA-4343-80DC-3D211578A87C}.Debug|Any CPU.Build.0 = Debug|Any CPU
		{F519237A-D6EA-4343-80DC-3D211578A87C}.Release|Any CPU.ActiveCfg = Release|Any CPU
		{F519237A-D6EA-4343-80DC-3D211578A87C}.Release|Any CPU.Build.0 = Release|Any CPU
		{AF3960D8-A42A-4C54-8E52-70F3C0A01ECC}.Debug|Any CPU.ActiveCfg = Debug|Any CPU
		{AF3960D8-A42A-4C54-8E52-70F3C0A01ECC}.Debug|Any CPU.Build.0 = Debug|Any CPU
		{AF3960D8-A42A-4C54-8E52-70F3C0A01ECC}.Release|Any CPU.ActiveCfg = Release|Any CPU
		{AF3960D8-A42A-4C54-8E52-70F3C0A01ECC}.Release|Any CPU.Build.0 = Release|Any CPU
		{C8DAA47F-2F78-4749-8D4E-04AA484755DE}.Debug|Any CPU.ActiveCfg = Debug|Any CPU
		{C8DAA47F-2F78-4749-8D4E-04AA484755DE}.Debug|Any CPU.Build.0 = Debug|Any CPU
		{C8DAA47F-2F78-4749-8D4E-04AA484755DE}.Release|Any CPU.ActiveCfg = Release|Any CPU
		{C8DAA47F-2F78-4749-8D4E-04AA484755DE}.Release|Any CPU.Build.0 = Release|Any CPU
	EndGlobalSection
	GlobalSection(SolutionProperties) = preSolution
		HideSolutionNode = FALSE
	EndGlobalSection
	GlobalSection(NestedProjects) = preSolution
		{6932BED9-B918-4CE8-A7E8-BD5998F77067} = {54223C52-E566-44E2-903C-992F771E5326}
		{3EE6A179-1C29-4BA0-BA55-F9ECE8FCD01C} = {6932BED9-B918-4CE8-A7E8-BD5998F77067}
		{AD83159B-590B-4869-9BB5-DB3AEF281F28} = {54223C52-E566-44E2-903C-992F771E5326}
		{42314078-ACAF-45DD-A65D-B6EF32D49C91} = {AD83159B-590B-4869-9BB5-DB3AEF281F28}
		{3E3629B0-3A6E-4139-AA9B-9E4997F3C2CB} = {54223C52-E566-44E2-903C-992F771E5326}
		{2A84B01F-C602-45DB-98E9-CCD0BBBBAD24} = {3E3629B0-3A6E-4139-AA9B-9E4997F3C2CB}
		{0A2DA452-16C6-4B33-8ABF-30858D07C10F} = {3E3629B0-3A6E-4139-AA9B-9E4997F3C2CB}
		{81F054B8-CE90-4CCA-8879-7B483D5F33F3} = {3E3629B0-3A6E-4139-AA9B-9E4997F3C2CB}
		{4858DB1A-F839-4A44-95FE-DBBB76102A9E} = {2A84B01F-C602-45DB-98E9-CCD0BBBBAD24}
		{9A6C6DC7-26C7-45B8-A7C0-D76E65F20131} = {2A84B01F-C602-45DB-98E9-CCD0BBBBAD24}
		{F519237A-D6EA-4343-80DC-3D211578A87C} = {0A2DA452-16C6-4B33-8ABF-30858D07C10F}
		{AF3960D8-A42A-4C54-8E52-70F3C0A01ECC} = {81F054B8-CE90-4CCA-8879-7B483D5F33F3}
		{C8DAA47F-2F78-4749-8D4E-04AA484755DE} = {21CEACA0-CD25-42DE-87FD-1466839801F4}
	EndGlobalSection
	GlobalSection(ExtensibilityGlobals) = postSolution
		SolutionGuid = {C1BBACA0-5CBF-4B2C-8D71-6210EA35659E}
	EndGlobalSection
EndGlobal
